
Microsoft Visual Studio Solution File, Format Version 12.00
# Visual Studio Version 17
VisualStudioVersion = 17.14.36301.6
MinimumVisualStudioVersion = 10.0.40219.1
Project("{FAE04EC0-301F-11D3-BF4B-00C04F79EFBC}") = "PetFinder", "PetFinder\PetFinder.csproj", "{AC479A30-9257-47C9-8BF6-3D71F5710C74}"
EndProject
Project("{FAE04EC0-301F-11D3-BF4B-00C04F79EFBC}") = "PetFinder.Core", "PetFinder.Core\PetFinder.Core.csproj", "{717556B2-7671-4111-8448-37CD45A3C670}"
EndProject
Project("{FAE04EC0-301F-11D3-BF4B-00C04F79EFBC}") = "PetFinder.Infrastructure", "PetFinder.Infrastructure\PetFinder.Infrastructure.csproj", "{75F590A3-CD50-44C9-BBED-EBED51948852}"
EndProject
Global
	GlobalSection(SolutionConfigurationPlatforms) = preSolution
		Debug|Any CPU = Debug|Any CPU
		Release|Any CPU = Release|Any CPU
	EndGlobalSection
	GlobalSection(ProjectConfigurationPlatforms) = postSolution
		{AC479A30-9257-47C9-8BF6-3D71F5710C74}.Debug|Any CPU.ActiveCfg = Debug|Any CPU
		{AC479A30-9257-47C9-8BF6-3D71F5710C74}.Debug|Any CPU.Build.0 = Debug|Any CPU
		{AC479A30-9257-47C9-8BF6-3D71F5710C74}.Release|Any CPU.ActiveCfg = Release|Any CPU
		{AC479A30-9257-47C9-8BF6-3D71F5710C74}.Release|Any CPU.Build.0 = Release|Any CPU
		{717556B2-7671-4111-8448-37CD45A3C670}.Debug|Any CPU.ActiveCfg = Debug|Any CPU
		{717556B2-7671-4111-8448-37CD45A3C670}.Debug|Any CPU.Build.0 = Debug|Any CPU
		{717556B2-7671-4111-8448-37CD45A3C670}.Release|Any CPU.ActiveCfg = Release|Any CPU
		{717556B2-7671-4111-8448-37CD45A3C670}.Release|Any CPU.Build.0 = Release|Any CPU
		{75F590A3-CD50-44C9-BBED-EBED51948852}.Debug|Any CPU.ActiveCfg = Debug|Any CPU
		{75F590A3-CD50-44C9-BBED-EBED51948852}.Debug|Any CPU.Build.0 = Debug|Any CPU
		{75F590A3-CD50-44C9-BBED-EBED51948852}.Release|Any CPU.ActiveCfg = Release|Any CPU
		{75F590A3-CD50-44C9-BBED-EBED51948852}.Release|Any CPU.Build.0 = Release|Any CPU
	EndGlobalSection
	GlobalSection(SolutionProperties) = preSolution
		HideSolutionNode = FALSE
	EndGlobalSection
	GlobalSection(ExtensibilityGlobals) = postSolution
		SolutionGuid = {6CDC3CA4-8D48-467D-B814-5764ED407E27}
	EndGlobalSection
EndGlobal
