
Microsoft Visual Studio Solution File, Format Version 12.00
# Visual Studio Version 17
VisualStudioVersion = 17.14.36301.6 d17.14
MinimumVisualStudioVersion = 10.0.40219.1
Project("{FAE04EC0-301F-11D3-BF4B-00C04F79EFBC}") = "PetFinder", "PetFinder\PetFinder.csproj", "{AC479A30-9257-47C9-8BF6-3D71F5710C74}"
EndProject
Global
	GlobalSection(SolutionConfigurationPlatforms) = preSolution
		Debug|Any CPU = Debug|Any CPU
		Release|Any CPU = Release|Any CPU
	EndGlobalSection
	GlobalSection(ProjectConfigurationPlatforms) = postSolution
		{AC479A30-9257-47C9-8BF6-3D71F5710C74}.Debug|Any CPU.ActiveCfg = Debug|Any CPU
		{AC479A30-9257-47C9-8BF6-3D71F5710C74}.Debug|Any CPU.Build.0 = Debug|Any CPU
		{AC479A30-9257-47C9-8BF6-3D71F5710C74}.Release|Any CPU.ActiveCfg = Release|Any CPU
		{AC479A30-9257-47C9-8BF6-3D71F5710C74}.Release|Any CPU.Build.0 = Release|Any CPU
	EndGlobalSection
	GlobalSection(SolutionProperties) = preSolution
		HideSolutionNode = FALSE
	EndGlobalSection
	GlobalSection(ExtensibilityGlobals) = postSolution
		SolutionGuid = {6CDC3CA4-8D48-467D-B814-5764ED407E27}
	EndGlobalSection
EndGlobal
