
Microsoft Visual Studio Solution File, Format Version 12.00
# Visual Studio Version 17
VisualStudioVersion = 17.11.35312.102
MinimumVisualStudioVersion = 10.0.40219.1
Project("{FAE04EC0-301F-11D3-BF4B-00C04F79EFBC}") = "PetFinder", "PetFinder\PetFinder.csproj", "{8726F379-C922-4A6E-92A4-AB78ACA83F76}"
EndProject
Global
	GlobalSection(SolutionConfigurationPlatforms) = preSolution
		Debug|Any CPU = Debug|Any CPU
		Release|Any CPU = Release|Any CPU
	EndGlobalSection
	GlobalSection(ProjectConfigurationPlatforms) = postSolution
		{8726F379-C922-4A6E-92A4-AB78ACA83F76}.Debug|Any CPU.ActiveCfg = Debug|Any CPU
		{8726F379-C922-4A6E-92A4-AB78ACA83F76}.Debug|Any CPU.Build.0 = Debug|Any CPU
		{8726F379-C922-4A6E-92A4-AB78ACA83F76}.Release|Any CPU.ActiveCfg = Release|Any CPU
		{8726F379-C922-4A6E-92A4-AB78ACA83F76}.Release|Any CPU.Build.0 = Release|Any CPU
	EndGlobalSection
	GlobalSection(SolutionProperties) = preSolution
		HideSolutionNode = FALSE
	EndGlobalSection
	GlobalSection(ExtensibilityGlobals) = postSolution
		SolutionGuid = {A1527623-32D6-45FA-8762-93FE2AEC02E9}
	EndGlobalSection
EndGlobal
